github.com/Masterminds/semver/v3 v3.2.1 h1:RN9w6+7QoMeJVGyfmbcgs28Br8cvmnucEXnY0rYXWg0=
github.com/Masterminds/semver/v3 v3.2.1/go.mod h1:qvl/7zhW3nngYb5+80sSMF+FG2BjYrf8m9wsX0PNOMQ=
github.com/aws/constructs-go/constructs/v10 v10.1.167 h1:9qy6KEHleT8/4UDSTspRRd82h+MKDxcCqwEG3R23Tyo=
github.com/aws/constructs-go/constructs/v10 v10.1.167/go.mod h1:UXHdJzEYgQPF75bdwT+sWUqMKhXQgW/65MIxFI/ulmE=
github.com/aws/jsii-runtime-go v1.93.0 h1:QIFUKmsU0NpYZPhP24WSFn74PWlUKgJV6eQIe5/BfBU=
github.com/aws/jsii-runtime-go v1.93.0/go.mod h1:D7yFSwtXpTMqVB3c5IHQ1Z42p+pgkTkU7FqKBll33Sk=
github.com/hashicorp/terraform-cdk-go/cdktf v0.20.3 h1:LgeFtdAGVpfBHEr5XKBtTmUT8e05AGvydmreCU+kTe8=
github.com/hashicorp/terraform-cdk-go/cdktf v0.20.3/go.mod h1:sX1VHO+9NS41G7n2LbtvigD2urVG7c+xqPLil3oX+sc=
